
Microsoft Visual Studio Solution File, Format Version 12.00
# Visual Studio Version 16
VisualStudioVersion = 16.0.32106.194
MinimumVisualStudioVersion = 10.0.40219.1
Project("{FAE04EC0-301F-11D3-BF4B-00C04F79EFBC}") = "NChan.WebAPI", "NChan.WebAPI\NChan.WebAPI.csproj", "{1540A47B-8F63-4793-83EC-584E9A579FB2}"
EndProject
Project("{FAE04EC0-301F-11D3-BF4B-00C04F79EFBC}") = "NChan.Data", "NChan.Data\NChan.Data.csproj", "{93964B9C-E9EE-4281-A67B-C648E97EB82B}"
EndProject
Project("{FAE04EC0-301F-11D3-BF4B-00C04F79EFBC}") = "NChan.Services", "NChan.Services\NChan.Services.csproj", "{E21016ED-8F81-4C1A-B234-722F7BA9FA25}"
EndProject
Project("{FAE04EC0-301F-11D3-BF4B-00C04F79EFBC}") = "NChan.Models", "NChan.Models\NChan.Models.csproj", "{468824C5-3A02-4A66-8F77-003B9E2EB934}"
EndProject
Global
	GlobalSection(SolutionConfigurationPlatforms) = preSolution
		Debug|Any CPU = Debug|Any CPU
		Release|Any CPU = Release|Any CPU
	EndGlobalSection
	GlobalSection(ProjectConfigurationPlatforms) = postSolution
		{1540A47B-8F63-4793-83EC-584E9A579FB2}.Debug|Any CPU.ActiveCfg = Debug|Any CPU
		{1540A47B-8F63-4793-83EC-584E9A579FB2}.Debug|Any CPU.Build.0 = Debug|Any CPU
		{1540A47B-8F63-4793-83EC-584E9A579FB2}.Release|Any CPU.ActiveCfg = Release|Any CPU
		{1540A47B-8F63-4793-83EC-584E9A579FB2}.Release|Any CPU.Build.0 = Release|Any CPU
		{93964B9C-E9EE-4281-A67B-C648E97EB82B}.Debug|Any CPU.ActiveCfg = Debug|Any CPU
		{93964B9C-E9EE-4281-A67B-C648E97EB82B}.Debug|Any CPU.Build.0 = Debug|Any CPU
		{93964B9C-E9EE-4281-A67B-C648E97EB82B}.Release|Any CPU.ActiveCfg = Release|Any CPU
		{93964B9C-E9EE-4281-A67B-C648E97EB82B}.Release|Any CPU.Build.0 = Release|Any CPU
		{E21016ED-8F81-4C1A-B234-722F7BA9FA25}.Debug|Any CPU.ActiveCfg = Debug|Any CPU
		{E21016ED-8F81-4C1A-B234-722F7BA9FA25}.Debug|Any CPU.Build.0 = Debug|Any CPU
		{E21016ED-8F81-4C1A-B234-722F7BA9FA25}.Release|Any CPU.ActiveCfg = Release|Any CPU
		{E21016ED-8F81-4C1A-B234-722F7BA9FA25}.Release|Any CPU.Build.0 = Release|Any CPU
		{468824C5-3A02-4A66-8F77-003B9E2EB934}.Debug|Any CPU.ActiveCfg = Debug|Any CPU
		{468824C5-3A02-4A66-8F77-003B9E2EB934}.Debug|Any CPU.Build.0 = Debug|Any CPU
		{468824C5-3A02-4A66-8F77-003B9E2EB934}.Release|Any CPU.ActiveCfg = Release|Any CPU
		{468824C5-3A02-4A66-8F77-003B9E2EB934}.Release|Any CPU.Build.0 = Release|Any CPU
	EndGlobalSection
	GlobalSection(SolutionProperties) = preSolution
		HideSolutionNode = FALSE
	EndGlobalSection
	GlobalSection(ExtensibilityGlobals) = postSolution
		SolutionGuid = {1DB5DBF0-C871-4322-8528-7AAFD8709D22}
	EndGlobalSection
EndGlobal
